
Microsoft Visual Studio Solution File, Format Version 12.00
# Visual Studio Version 17
VisualStudioVersion = 17.5.33530.505
MinimumVisualStudioVersion = 10.0.40219.1
Project("{FAE04EC0-301F-11D3-BF4B-00C04F79EFBC}") = "TestApp", "TestApp\TestApp.csproj", "{2113E590-D4AB-4439-8C26-69BDCF3FFD04}"
EndProject
Global
	GlobalSection(SolutionConfigurationPlatforms) = preSolution
		Debug|Any CPU = Debug|Any CPU
		Release|Any CPU = Release|Any CPU
	EndGlobalSection
	GlobalSection(ProjectConfigurationPlatforms) = postSolution
		{2113E590-D4AB-4439-8C26-69BDCF3FFD04}.Debug|Any CPU.ActiveCfg = Debug|Any CPU
		{2113E590-D4AB-4439-8C26-69BDCF3FFD04}.Debug|Any CPU.Build.0 = Debug|Any CPU
		{2113E590-D4AB-4439-8C26-69BDCF3FFD04}.Release|Any CPU.ActiveCfg = Release|Any CPU
		{2113E590-D4AB-4439-8C26-69BDCF3FFD04}.Release|Any CPU.Build.0 = Release|Any CPU
	EndGlobalSection
	GlobalSection(SolutionProperties) = preSolution
		HideSolutionNode = FALSE
	EndGlobalSection
	GlobalSection(ExtensibilityGlobals) = postSolution
		SolutionGuid = {C266036C-D94D-449A-8B56-7B5C711F4C2E}
	EndGlobalSection
EndGlobal
